
Microsoft Visual Studio Solution File, Format Version 12.00
# Visual Studio 14
VisualStudioVersion = 14.0.24720.0
MinimumVisualStudioVersion = 10.0.40219.1
Project("{FAE04EC0-301F-11D3-BF4B-00C04F79EFBC}") = "03_05_01_SystemIO", "03_05_01_SystemIO\03_05_01_SystemIO.csproj", "{54A5BC1F-597D-4C20-A204-89AA0D977660}"
EndProject
Project("{FAE04EC0-301F-11D3-BF4B-00C04F79EFBC}") = "SystemIO.Tests", "SystemIO.Tests\SystemIO.Tests.csproj", "{A2394E9F-E194-463B-8979-A7AF6041CDA0}"
EndProject
Global
	GlobalSection(SolutionConfigurationPlatforms) = preSolution
		Debug|Any CPU = Debug|Any CPU
		Release|Any CPU = Release|Any CPU
	EndGlobalSection
	GlobalSection(ProjectConfigurationPlatforms) = postSolution
		{54A5BC1F-597D-4C20-A204-89AA0D977660}.Debug|Any CPU.ActiveCfg = Debug|Any CPU
		{54A5BC1F-597D-4C20-A204-89AA0D977660}.Debug|Any CPU.Build.0 = Debug|Any CPU
		{54A5BC1F-597D-4C20-A204-89AA0D977660}.Release|Any CPU.ActiveCfg = Release|Any CPU
		{54A5BC1F-597D-4C20-A204-89AA0D977660}.Release|Any CPU.Build.0 = Release|Any CPU
		{A2394E9F-E194-463B-8979-A7AF6041CDA0}.Debug|Any CPU.ActiveCfg = Debug|Any CPU
		{A2394E9F-E194-463B-8979-A7AF6041CDA0}.Debug|Any CPU.Build.0 = Debug|Any CPU
		{A2394E9F-E194-463B-8979-A7AF6041CDA0}.Release|Any CPU.ActiveCfg = Release|Any CPU
		{A2394E9F-E194-463B-8979-A7AF6041CDA0}.Release|Any CPU.Build.0 = Release|Any CPU
	EndGlobalSection
	GlobalSection(SolutionProperties) = preSolution
		HideSolutionNode = FALSE
	EndGlobalSection
EndGlobal
